
Microsoft Visual Studio Solution File, Format Version 12.00
# Visual Studio Version 16
VisualStudioVersion = 16.0.32630.194
MinimumVisualStudioVersion = 10.0.40219.1
Project("{FAE04EC0-301F-11D3-BF4B-00C04F79EFBC}") = "WebApplication1", "WebApplication1\WebApplication1.csproj", "{E0170EFE-9B2B-456B-916F-506A2147CEEA}"
EndProject
Global
	GlobalSection(SolutionConfigurationPlatforms) = preSolution
		Debug|Any CPU = Debug|Any CPU
		Release|Any CPU = Release|Any CPU
	EndGlobalSection
	GlobalSection(ProjectConfigurationPlatforms) = postSolution
		{E0170EFE-9B2B-456B-916F-506A2147CEEA}.Debug|Any CPU.ActiveCfg = Debug|Any CPU
		{E0170EFE-9B2B-456B-916F-506A2147CEEA}.Debug|Any CPU.Build.0 = Debug|Any CPU
		{E0170EFE-9B2B-456B-916F-506A2147CEEA}.Release|Any CPU.ActiveCfg = Release|Any CPU
		{E0170EFE-9B2B-456B-916F-506A2147CEEA}.Release|Any CPU.Build.0 = Release|Any CPU
	EndGlobalSection
	GlobalSection(SolutionProperties) = preSolution
		HideSolutionNode = FALSE
	EndGlobalSection
	GlobalSection(ExtensibilityGlobals) = postSolution
		SolutionGuid = {DE8E5AC6-1A2E-449A-96D4-E40AC0DB96CD}
	EndGlobalSection
EndGlobal
